
Microsoft Visual Studio Solution File, Format Version 12.00
# Visual Studio 15
VisualStudioVersion = 15.0.26730.16
MinimumVisualStudioVersion = 10.0.40219.1
Project("{FAE04EC0-301F-11D3-BF4B-00C04F79EFBC}") = "LotteryCrawler", "LotteryCrawler\LotteryCrawler.csproj", "{741C1BA6-E293-4B81-BF2E-4FF938A2A6DA}"
EndProject
Global
	GlobalSection(SolutionConfigurationPlatforms) = preSolution
		Debug|Any CPU = Debug|Any CPU
		Release|Any CPU = Release|Any CPU
	EndGlobalSection
	GlobalSection(ProjectConfigurationPlatforms) = postSolution
		{741C1BA6-E293-4B81-BF2E-4FF938A2A6DA}.Debug|Any CPU.ActiveCfg = Debug|Any CPU
		{741C1BA6-E293-4B81-BF2E-4FF938A2A6DA}.Debug|Any CPU.Build.0 = Debug|Any CPU
		{741C1BA6-E293-4B81-BF2E-4FF938A2A6DA}.Release|Any CPU.ActiveCfg = Release|Any CPU
		{741C1BA6-E293-4B81-BF2E-4FF938A2A6DA}.Release|Any CPU.Build.0 = Release|Any CPU
	EndGlobalSection
	GlobalSection(SolutionProperties) = preSolution
		HideSolutionNode = FALSE
	EndGlobalSection
	GlobalSection(ExtensibilityGlobals) = postSolution
		SolutionGuid = {0C344931-1405-40BF-A830-E26F0BC0DB76}
	EndGlobalSection
EndGlobal
